
Microsoft Visual Studio Solution File, Format Version 12.00
Project("{FAE04EC0-301F-11D3-BF4B-00C04F79EFBC}") = "integer5", "integer5\integer5.csproj", "{3FEF8D36-BFAE-40A3-94BD-5FFF4ABC88C0}"
EndProject
Global
	GlobalSection(SolutionConfigurationPlatforms) = preSolution
		Debug|Any CPU = Debug|Any CPU
		Release|Any CPU = Release|Any CPU
	EndGlobalSection
	GlobalSection(ProjectConfigurationPlatforms) = postSolution
		{3FEF8D36-BFAE-40A3-94BD-5FFF4ABC88C0}.Debug|Any CPU.ActiveCfg = Debug|Any CPU
		{3FEF8D36-BFAE-40A3-94BD-5FFF4ABC88C0}.Debug|Any CPU.Build.0 = Debug|Any CPU
		{3FEF8D36-BFAE-40A3-94BD-5FFF4ABC88C0}.Release|Any CPU.ActiveCfg = Release|Any CPU
		{3FEF8D36-BFAE-40A3-94BD-5FFF4ABC88C0}.Release|Any CPU.Build.0 = Release|Any CPU
	EndGlobalSection
EndGlobal
